github.com/KARTIKrocks/sqlguard v0.3.0 h1:bO7JVR9SkMOYExtE6Pm/16WSZfXDXX4GeCzuuGWp3UI=
github.com/KARTIKrocks/sqlguard v0.3.0/go.mod h1:5hsSne2+teS/31u3ZEGpemaGMnaKNO2xypkUsny9rYA=
github.com/xwb1989/sqlparser v0.0.0-20180606152119-120387863bf2 h1:zzrxE1FKn5ryBNl9eKOeqQ58Y/Qpo3Q9QNxKHX5uzzQ=
github.com/xwb1989/sqlparser v0.0.0-20180606152119-120387863bf2/go.mod h1:hzfGeIUDq/j97IG+FhNqkowIyEcD88LrW6fyU3K3WqY=
